
Microsoft Visual Studio Solution File, Format Version 12.00
# Visual Studio Version 16
VisualStudioVersion = 16.0.31112.23
MinimumVisualStudioVersion = 10.0.40219.1
Project("{F184B08F-C81C-45F6-A57F-5ABD9991F28F}") = "WinFormsApp1", "WinFormsApp1.vbproj", "{CEC185BF-CCB9-4763-9E82-B033FEEA97D0}"
EndProject
Global
	GlobalSection(SolutionConfigurationPlatforms) = preSolution
		Debug|Any CPU = Debug|Any CPU
		Release|Any CPU = Release|Any CPU
	EndGlobalSection
	GlobalSection(ProjectConfigurationPlatforms) = postSolution
		{CEC185BF-CCB9-4763-9E82-B033FEEA97D0}.Debug|Any CPU.ActiveCfg = Debug|Any CPU
		{CEC185BF-CCB9-4763-9E82-B033FEEA97D0}.Debug|Any CPU.Build.0 = Debug|Any CPU
		{CEC185BF-CCB9-4763-9E82-B033FEEA97D0}.Release|Any CPU.ActiveCfg = Release|Any CPU
		{CEC185BF-CCB9-4763-9E82-B033FEEA97D0}.Release|Any CPU.Build.0 = Release|Any CPU
	EndGlobalSection
	GlobalSection(SolutionProperties) = preSolution
		HideSolutionNode = FALSE
	EndGlobalSection
	GlobalSection(ExtensibilityGlobals) = postSolution
		SolutionGuid = {A5C0AEBF-5102-4AE9-B5E9-68A67964FBD9}
	EndGlobalSection
EndGlobal
